
Microsoft Visual Studio Solution File, Format Version 12.00
# Visual Studio Version 16
VisualStudioVersion = 16.0.30406.217
MinimumVisualStudioVersion = 10.0.40219.1
Project("{FAE04EC0-301F-11D3-BF4B-00C04F79EFBC}") = "titler", "titler\titler.csproj", "{CE855AF7-843B-491A-9727-E4EF51EA875B}"
EndProject
Global
	GlobalSection(SolutionConfigurationPlatforms) = preSolution
		Debug|Any CPU = Debug|Any CPU
		Debug|x64 = Debug|x64
		Debug|x86 = Debug|x86
		Release|Any CPU = Release|Any CPU
		Release|x64 = Release|x64
		Release|x86 = Release|x86
	EndGlobalSection
	GlobalSection(ProjectConfigurationPlatforms) = postSolution
		{CE855AF7-843B-491A-9727-E4EF51EA875B}.Debug|Any CPU.ActiveCfg = Debug|Any CPU
		{CE855AF7-843B-491A-9727-E4EF51EA875B}.Debug|Any CPU.Build.0 = Debug|Any CPU
		{CE855AF7-843B-491A-9727-E4EF51EA875B}.Debug|x64.ActiveCfg = Debug|Any CPU
		{CE855AF7-843B-491A-9727-E4EF51EA875B}.Debug|x64.Build.0 = Debug|Any CPU
		{CE855AF7-843B-491A-9727-E4EF51EA875B}.Debug|x86.ActiveCfg = Debug|Any CPU
		{CE855AF7-843B-491A-9727-E4EF51EA875B}.Debug|x86.Build.0 = Debug|Any CPU
		{CE855AF7-843B-491A-9727-E4EF51EA875B}.Release|Any CPU.ActiveCfg = Release|Any CPU
		{CE855AF7-843B-491A-9727-E4EF51EA875B}.Release|Any CPU.Build.0 = Release|Any CPU
		{CE855AF7-843B-491A-9727-E4EF51EA875B}.Release|x64.ActiveCfg = Release|Any CPU
		{CE855AF7-843B-491A-9727-E4EF51EA875B}.Release|x64.Build.0 = Release|Any CPU
		{CE855AF7-843B-491A-9727-E4EF51EA875B}.Release|x86.ActiveCfg = Release|Any CPU
		{CE855AF7-843B-491A-9727-E4EF51EA875B}.Release|x86.Build.0 = Release|Any CPU
	EndGlobalSection
	GlobalSection(SolutionProperties) = preSolution
		HideSolutionNode = FALSE
	EndGlobalSection
	GlobalSection(ExtensibilityGlobals) = postSolution
		SolutionGuid = {41DE01F6-8519-490A-A228-998F6D39EEFA}
	EndGlobalSection
EndGlobal
